
Microsoft Visual Studio Solution File, Format Version 12.00
# Visual Studio Version 16
VisualStudioVersion = 16.0.31321.278
MinimumVisualStudioVersion = 10.0.40219.1
Project("{FAE04EC0-301F-11D3-BF4B-00C04F79EFBC}") = "MSM.ShoppingBasket.API", "MSM.ShoppingBasket.API\MSM.ShoppingBasket.API.csproj", "{13F69568-5F13-41CD-805F-C198677D6FE5}"
EndProject
Project("{FAE04EC0-301F-11D3-BF4B-00C04F79EFBC}") = "MSM.ShoppingBasket.Tests", "MSM.ShoppingBasket.Tests\MSM.ShoppingBasket.Tests.csproj", "{21BC0F58-3C4A-401C-8727-BB3CD413A193}"
EndProject
Global
	GlobalSection(SolutionConfigurationPlatforms) = preSolution
		Debug|Any CPU = Debug|Any CPU
		Release|Any CPU = Release|Any CPU
	EndGlobalSection
	GlobalSection(ProjectConfigurationPlatforms) = postSolution
		{13F69568-5F13-41CD-805F-C198677D6FE5}.Debug|Any CPU.ActiveCfg = Debug|Any CPU
		{13F69568-5F13-41CD-805F-C198677D6FE5}.Debug|Any CPU.Build.0 = Debug|Any CPU
		{13F69568-5F13-41CD-805F-C198677D6FE5}.Release|Any CPU.ActiveCfg = Release|Any CPU
		{13F69568-5F13-41CD-805F-C198677D6FE5}.Release|Any CPU.Build.0 = Release|Any CPU
		{21BC0F58-3C4A-401C-8727-BB3CD413A193}.Debug|Any CPU.ActiveCfg = Debug|Any CPU
		{21BC0F58-3C4A-401C-8727-BB3CD413A193}.Debug|Any CPU.Build.0 = Debug|Any CPU
		{21BC0F58-3C4A-401C-8727-BB3CD413A193}.Release|Any CPU.ActiveCfg = Release|Any CPU
		{21BC0F58-3C4A-401C-8727-BB3CD413A193}.Release|Any CPU.Build.0 = Release|Any CPU
	EndGlobalSection
	GlobalSection(SolutionProperties) = preSolution
		HideSolutionNode = FALSE
	EndGlobalSection
	GlobalSection(ExtensibilityGlobals) = postSolution
		SolutionGuid = {A5CD6841-9A89-49BE-9ADB-A04EAC1AE13B}
	EndGlobalSection
EndGlobal
